
Microsoft Visual Studio Solution File, Format Version 12.00
# Visual Studio Version 17
VisualStudioVersion = 17.14.36203.30
MinimumVisualStudioVersion = 10.0.40219.1
Project("{FAE04EC0-301F-11D3-BF4B-00C04F79EFBC}") = "MoqPuzzles", "MoqPuzzles\MoqPuzzles.csproj", "{01CC39F1-4618-4CC7-B3B9-EDBD19BA6244}"
EndProject
Project("{2150E333-8FDC-42A3-9474-1A3956D46DE8}") = "Solution Items", "Solution Items", "{02EA681E-C7D8-13C7-8484-4AC65E1B71E8}"
	ProjectSection(SolutionItems) = preProject
		.editorconfig = .editorconfig
		README.md = README.md
	EndProjectSection
EndProject
Project("{FAE04EC0-301F-11D3-BF4B-00C04F79EFBC}") = "MoqPuzzlesTests", "MoqPuzzlesTests\MoqPuzzlesTests.csproj", "{9D1E6F67-5E86-491C-917C-13F17CB83D76}"
EndProject
Global
	GlobalSection(SolutionConfigurationPlatforms) = preSolution
		Debug|Any CPU = Debug|Any CPU
		Release|Any CPU = Release|Any CPU
	EndGlobalSection
	GlobalSection(ProjectConfigurationPlatforms) = postSolution
		{01CC39F1-4618-4CC7-B3B9-EDBD19BA6244}.Debug|Any CPU.ActiveCfg = Debug|Any CPU
		{01CC39F1-4618-4CC7-B3B9-EDBD19BA6244}.Debug|Any CPU.Build.0 = Debug|Any CPU
		{01CC39F1-4618-4CC7-B3B9-EDBD19BA6244}.Release|Any CPU.ActiveCfg = Release|Any CPU
		{01CC39F1-4618-4CC7-B3B9-EDBD19BA6244}.Release|Any CPU.Build.0 = Release|Any CPU
		{9D1E6F67-5E86-491C-917C-13F17CB83D76}.Debug|Any CPU.ActiveCfg = Debug|Any CPU
		{9D1E6F67-5E86-491C-917C-13F17CB83D76}.Debug|Any CPU.Build.0 = Debug|Any CPU
		{9D1E6F67-5E86-491C-917C-13F17CB83D76}.Release|Any CPU.ActiveCfg = Release|Any CPU
		{9D1E6F67-5E86-491C-917C-13F17CB83D76}.Release|Any CPU.Build.0 = Release|Any CPU
	EndGlobalSection
	GlobalSection(SolutionProperties) = preSolution
		HideSolutionNode = FALSE
	EndGlobalSection
	GlobalSection(ExtensibilityGlobals) = postSolution
		SolutionGuid = {27C4D305-938A-4D61-9FD3-32BF5DE6CBA0}
	EndGlobalSection
EndGlobal
